{
  "schemaVersion": 1,
  "source": {
    "repository": "https://github.com/sgl-project/sglang",
    "commit": "71de97b264b04dcd514cf904003028aefe9775c8",
    "version": "v0.5.18"
  },
  "routerVersion": "0.3.2",
  "patch": {
    "path": "patches/worker-withdrawal.patch",
    "sha256": "230c750ca59bb817382b149c48daa8690b504cbd4230efecea1a9afd7b8687e6"
  },
  "deploymentImage": {
    "reference": "ghcr.io/confidential-dot-ai/confidential-inference/sglang-router"
  },
  "cargoLockSha256": "5ec49604d728451fbfcea153fac082dc5d47f7916ac069156cd3310e4d275dca"
}
