{
  "schemaVersion": 1,
  "source": {
    "repository": "https://github.com/sgl-project/sglang",
    "commit": "71de97b264b04dcd514cf904003028aefe9775c8",
    "version": "v0.5.18"
  },
  "routerVersion": "0.3.2",
  "patch": {
    "path": "patches/worker-withdrawal.patch",
    "sha256": "b99841281984de659edb86ff8c55c5c7048ce721edcac57610cb7875ecb425e9"
  },
  "deploymentImage": {
    "reference": "ghcr.io/confidential-dot-ai/confidential-inference/sglang-router"
  },
  "cargoLockSha256": "5ec49604d728451fbfcea153fac082dc5d47f7916ac069156cd3310e4d275dca"
}
