{
  "schemaVersion": 1,
  "source": {
    "repository": "https://github.com/sgl-project/sglang",
    "commit": "71de97b264b04dcd514cf904003028aefe9775c8",
    "version": "v0.5.18"
  },
  "routerVersion": "0.3.2",
  "patch": {
    "path": "patches/worker-withdrawal.patch",
    "sha256": "64afa53858e2f7539d35446ed305a4afde3ae804b174218390925c289b313d44"
  },
  "deploymentImage": {
    "reference": "ghcr.io/confidential-dot-ai/confidential-inference/sglang-router"
  }
}
