github.com/confidential-dot-ai/attestation-go v0.7.2 h1:T+dEc8nMSBP/2rXtvoKHRqf/haGzcBs6T2KAlPgI1fg=
github.com/confidential-dot-ai/attestation-go v0.7.2/go.mod h1:Gq3OlB5c1PxtRnfkG/CORHus9V2g1wUphcV43E2JDEA=
github.com/confidential-dot-ai/c8s v0.33.2 h1:DacwU/BTgkLAlsJHqkgizlK9t2TV6p+UoHg0XMntuUE=
github.com/confidential-dot-ai/c8s v0.33.2/go.mod h1:PxYAMGadDXa1hSoRQn/4NJhO8EkVLUszSn2BnXC1WiU=
github.com/fxamacker/cbor/v2 v2.9.4 h1:xwjVlxEMR3S605oUlgBjKLTTeGFciYPGYCtF/35LKGo=
github.com/fxamacker/cbor/v2 v2.9.4/go.mod h1:vM4b+DJCtHn+zz7h3FFp/hDAI9WNWCsZj23V5ytsSxQ=
github.com/x448/float16 v0.8.4 h1:qLwI1I70+NjRFUR3zs1JPUCgaCXSh3SW62uAKT1mSBM=
github.com/x448/float16 v0.8.4/go.mod h1:14CWIYCyZA/cWjXOioeEpHeN/83MdbZDRQHoFcYsOfg=
